
Microsoft Visual Studio Solution File, Format Version 11.00
# Visual Studio 2010
Project("{8BC9CEB8-8B4A-11D0-8D11-00A0C91BC942}") = "rmongo", "rmongo.vcxproj", "{BA40746F-7439-4B55-AC27-03F1D1718AEF}"
EndProject
Project("{8BC9CEB8-8B4A-11D0-8D11-00A0C91BC942}") = "mongo-c-driver", "..\..\..\10gen\mongo-c-driver\mongo-c-driver.vcxproj", "{E7ACC97D-B122-4FAC-8B32-894B8CCE77FB}"
EndProject
Global
	GlobalSection(SolutionConfigurationPlatforms) = preSolution
		Debug|Win32 = Debug|Win32
		Release|Win32 = Release|Win32
	EndGlobalSection
	GlobalSection(ProjectConfigurationPlatforms) = postSolution
		{BA40746F-7439-4B55-AC27-03F1D1718AEF}.Debug|Win32.ActiveCfg = Debug|Win32
		{BA40746F-7439-4B55-AC27-03F1D1718AEF}.Debug|Win32.Build.0 = Debug|Win32
		{BA40746F-7439-4B55-AC27-03F1D1718AEF}.Release|Win32.ActiveCfg = Release|Win32
		{BA40746F-7439-4B55-AC27-03F1D1718AEF}.Release|Win32.Build.0 = Release|Win32
		{E7ACC97D-B122-4FAC-8B32-894B8CCE77FB}.Debug|Win32.ActiveCfg = Debug|Win32
		{E7ACC97D-B122-4FAC-8B32-894B8CCE77FB}.Debug|Win32.Build.0 = Debug|Win32
		{E7ACC97D-B122-4FAC-8B32-894B8CCE77FB}.Release|Win32.ActiveCfg = Release|Win32
		{E7ACC97D-B122-4FAC-8B32-894B8CCE77FB}.Release|Win32.Build.0 = Release|Win32
	EndGlobalSection
	GlobalSection(SolutionProperties) = preSolution
		HideSolutionNode = FALSE
	EndGlobalSection
EndGlobal
